Microsoft Visual Studio Solution File, Format Version 12.00
# Visual Studio Version 16
VisualStudioVersion = 16.0.0.0
MinimumVisualStudioVersion = 16.0.0.0
Project("{9A19103F-16F7-4668-BE54-9A1E7A4F7556}") = "AudioWeb", "AudioWeb\AudioWeb.csproj", "{2B54C463-E7F7-4596-A933-B0A0F70C190A}"
EndProject
Project("{9A19103F-16F7-4668-BE54-9A1E7A4F7556}") = "AudioWeb.Client", "AudioWeb.Client\AudioWeb.Client.csproj", "{12657404-3C57-48E8-81A8-550AF344EBF2}"
EndProject
Global
	GlobalSection(SolutionConfigurationPlatforms) = preSolution
		Debug|Any CPU = Debug|Any CPU
		Debug|x64 = Debug|x64
		Debug|x86 = Debug|x86
		Release|Any CPU = Release|Any CPU
		Release|x64 = Release|x64
		Release|x86 = Release|x86
	EndGlobalSection
	GlobalSection(ProjectConfigurationPlatforms) = postSolution
		{12657404-3C57-48E8-81A8-550AF344EBF2}.Debug|Any CPU.ActiveCfg = Debug|Any CPU
		{12657404-3C57-48E8-81A8-550AF344EBF2}.Debug|Any CPU.Build.0 = Debug|Any CPU
		{12657404-3C57-48E8-81A8-550AF344EBF2}.Debug|x64.ActiveCfg = Debug|Any CPU
		{12657404-3C57-48E8-81A8-550AF344EBF2}.Debug|x64.Build.0 = Debug|Any CPU
		{12657404-3C57-48E8-81A8-550AF344EBF2}.Debug|x86.ActiveCfg = Debug|Any CPU
		{12657404-3C57-48E8-81A8-550AF344EBF2}.Debug|x86.Build.0 = Debug|Any CPU
		{12657404-3C57-48E8-81A8-550AF344EBF2}.Release|Any CPU.ActiveCfg = Release|Any CPU
		{12657404-3C57-48E8-81A8-550AF344EBF2}.Release|Any CPU.Build.0 = Release|Any CPU
		{12657404-3C57-48E8-81A8-550AF344EBF2}.Release|x64.ActiveCfg = Release|Any CPU
		{12657404-3C57-48E8-81A8-550AF344EBF2}.Release|x64.Build.0 = Release|Any CPU
		{12657404-3C57-48E8-81A8-550AF344EBF2}.Release|x86.ActiveCfg = Release|Any CPU
		{12657404-3C57-48E8-81A8-550AF344EBF2}.Release|x86.Build.0 = Release|Any CPU
		{2B54C463-E7F7-4596-A933-B0A0F70C190A}.Debug|Any CPU.ActiveCfg = Debug|Any CPU
		{2B54C463-E7F7-4596-A933-B0A0F70C190A}.Debug|Any CPU.Build.0 = Debug|Any CPU
		{2B54C463-E7F7-4596-A933-B0A0F70C190A}.Debug|x64.ActiveCfg = Debug|Any CPU
		{2B54C463-E7F7-4596-A933-B0A0F70C190A}.Debug|x64.Build.0 = Debug|Any CPU
		{2B54C463-E7F7-4596-A933-B0A0F70C190A}.Debug|x86.ActiveCfg = Debug|Any CPU
		{2B54C463-E7F7-4596-A933-B0A0F70C190A}.Debug|x86.Build.0 = Debug|Any CPU
		{2B54C463-E7F7-4596-A933-B0A0F70C190A}.Release|Any CPU.ActiveCfg = Release|Any CPU
		{2B54C463-E7F7-4596-A933-B0A0F70C190A}.Release|Any CPU.Build.0 = Release|Any CPU
		{2B54C463-E7F7-4596-A933-B0A0F70C190A}.Release|x64.ActiveCfg = Release|Any CPU
		{2B54C463-E7F7-4596-A933-B0A0F70C190A}.Release|x64.Build.0 = Release|Any CPU
		{2B54C463-E7F7-4596-A933-B0A0F70C190A}.Release|x86.ActiveCfg = Release|Any CPU
		{2B54C463-E7F7-4596-A933-B0A0F70C190A}.Release|x86.Build.0 = Release|Any CPU
	EndGlobalSection
	GlobalSection(SolutionProperties) = preSolution
		HideSolutionNode = FALSE
	EndGlobalSection
	GlobalSection(ExtensibilityGlobals) = postSolution
		SolutionGuid = {A83DB392-DF8F-4A6D-9E4A-ABA718CF6686}
	EndGlobalSection
EndGlobal
